%{
  "abnf_parsec": {:hex, :abnf_parsec, "2.1.0", "c4e88d5d089f1698297c0daced12be1fb404e6e577ecf261313ebba5477941f9", [:mix], [{:nimble_parsec, "~> 1.4", [hex: :nimble_parsec, repo: "hexpm", optional: false]}], "hexpm", "e0ed6290c7cc7e5020c006d1003520390c9bdd20f7c3f776bd49bfe3c5cd362a"},
  "deep_merge": {:hex, :deep_merge, "1.0.0", "b4aa1a0d1acac393bdf38b2291af38cb1d4a52806cf7a4906f718e1feb5ee961", [:mix], [], "hexpm", "ce708e5f094b9cd4e8f2be4f00d2f4250c4095be93f8cd6d018c753894885430"},
  "dotenvy": {:hex, :dotenvy, "1.1.1", "00e318f3c51de9fafc4b48598447e386f19204dc18ca69886905bb8f8b08b667", [:mix], [], "hexpm", "c8269471b5701e9e56dc86509c1199ded2b33dce088c3471afcfef7839766d8e"},
  "ex_aws_auth": {:hex, :ex_aws_auth, "1.3.1", "3963992d6f7cb251b53573603c3615cec70c3f4d86199fdb865ff440295ef7a4", [:mix], [{:jason, "~> 1.4", [hex: :jason, repo: "hexpm", optional: true]}, {:req, "~> 0.5", [hex: :req, repo: "hexpm", optional: true]}], "hexpm", "025793aa08fa419aabdb652db60edbdb2e12346bd447988a1bb5854c4dd64903"},
  "finch": {:hex, :finch, "0.22.0", "5c48fa6f9706a78eb9036cacb67b8b996b4e66d111c543f4c29bb0f879a6806b", [:mix], [{:mime, "~> 1.0 or ~> 2.0", [hex: :mime, repo: "hexpm", optional: false]}, {:mint, "~> 1.8", [hex: :mint, repo: "hexpm", optional: false]}, {:nimble_options, "~> 0.4 or ~> 1.0", [hex: :nimble_options, repo: "hexpm", optional: false]}, {:nimble_pool, "~> 1.1", [hex: :nimble_pool, repo: "hexpm", optional: false]}, {:telemetry, "~> 0.4 or ~> 1.0", [hex: :telemetry, repo: "hexpm", optional: false]}], "hexpm", "b94e83c47780fc6813f746a1f1a34ee65cda42da4c5ea26a68f0acc4498e23dc"},
  "hpax": {:hex, :hpax, "1.0.3", "ed67ef51ad4df91e75cc6a1494f851850c0bd98ebc0be6e81b026e765ee535aa", [:mix], [], "hexpm", "8eab6e1cfa8d5918c2ce4ba43588e894af35dbd8e91e6e55c817bca5847df34a"},
  "idna": {:hex, :idna, "7.1.0", "1067a13043538129602d2f2ce6899d8713125c7d19734aa557ce2e3ea55bd4f1", [:rebar3], [], "hexpm", "6ae959a025bf36df61a8cab8508d9654891b5426a84c44d82deaffd6ddf8c71f"},
  "jason": {:hex, :jason, "1.4.5", "2e3a008590b0b8d7388c20293e9dcc9cf3e5d642fd2a114e4cbbb52e595d940a", [:mix], [{:decimal, "~> 1.0 or ~> 2.0 or ~> 3.0", [hex: :decimal, repo: "hexpm", optional: true]}], "hexpm", "b0c823996102bcd0239b3c2444eb00409b72f6a140c1950bc8b457d836b30684"},
  "jsv": {:hex, :jsv, "0.19.3", "9758284e382140d4775f90d401425b3ed56d95a58e3737404c973ccf004f5bc8", [:mix], [{:abnf_parsec, "~> 2.0", [hex: :abnf_parsec, repo: "hexpm", optional: false]}, {:decimal, "~> 2.0 or ~> 3.0", [hex: :decimal, repo: "hexpm", optional: true]}, {:idna, "~> 6.0 or ~> 7.0", [hex: :idna, repo: "hexpm", optional: false]}, {:jason, "~> 1.0", [hex: :jason, repo: "hexpm", optional: true]}, {:nimble_options, "~> 1.0", [hex: :nimble_options, repo: "hexpm", optional: false]}, {:texture, "~> 1.0", [hex: :texture, repo: "hexpm", optional: false]}], "hexpm", "5ea9200eb7328cea3ac1b6ffb1d031a3e3afb9d8bc0215a9ff280bcff93d4dc9"},
  "llm_db": {:hex, :llm_db, "2026.5.2", "bec38e9489d552464e76158442b49aa7d798040cf138f803551bc6b037508210", [:mix], [{:deep_merge, "~> 1.0", [hex: :deep_merge, repo: "hexpm", optional: false]}, {:dotenvy, "~> 1.1", [hex: :dotenvy, repo: "hexpm", optional: false]}, {:igniter, "~> 0.7", [hex: :igniter, repo: "hexpm", optional: true]}, {:jason, "~> 1.4", [hex: :jason, repo: "hexpm", optional: false]}, {:req, "~> 0.5", [hex: :req, repo: "hexpm", optional: false]}, {:toml, "~> 0.7", [hex: :toml, repo: "hexpm", optional: false]}, {:zoi, "~> 0.10", [hex: :zoi, repo: "hexpm", optional: false]}], "hexpm", "8e4eee268d6682320ef8d087b270dfbfdf6db022c2392971e506e0d4d59e6dba"},
  "mime": {:hex, :mime, "2.0.7", "b8d739037be7cd402aee1ba0306edfdef982687ee7e9859bee6198c1e7e2f128", [:mix], [], "hexpm", "6171188e399ee16023ffc5b76ce445eb6d9672e2e241d2df6050f3c771e80ccd"},
  "mint": {:hex, :mint, "1.8.0", "b964eaf4416f2dee2ba88968d52239fca5621b0402b9c95f55a08eb9d74803e9", [:mix], [{:castore, "~> 0.1.0 or ~> 1.0", [hex: :castore, repo: "hexpm", optional: true]}, {:hpax, "~> 0.1.1 or ~> 0.2.0 or ~> 1.0", [hex: :hpax, repo: "hexpm", optional: false]}], "hexpm", "f3c572c11355eccf00f22275e9b42463bc17bd28db13be1e28f8e0bb4adbc849"},
  "nimble_options": {:hex, :nimble_options, "1.1.1", "e3a492d54d85fc3fd7c5baf411d9d2852922f66e69476317787a7b2bb000a61b", [:mix], [], "hexpm", "821b2470ca9442c4b6984882fe9bb0389371b8ddec4d45a9504f00a66f650b44"},
  "nimble_parsec": {:hex, :nimble_parsec, "1.4.2", "8efba0122db06df95bfaa78f791344a89352ba04baedd3849593bfce4d0dc1c6", [:mix], [], "hexpm", "4b21398942dda052b403bbe1da991ccd03a053668d147d53fb8c4e0efe09c973"},
  "nimble_pool": {:hex, :nimble_pool, "1.1.0", "bf9c29fbdcba3564a8b800d1eeb5a3c58f36e1e11d7b7fb2e084a643f645f06b", [:mix], [], "hexpm", "af2e4e6b34197db81f7aad230c1118eac993acc0dae6bc83bac0126d4ae0813a"},
  "req": {:hex, :req, "0.5.18", "48e6431cb4135e8a7815e745177485369a9b4a9924d5fe68ca00eb09ceaed1ef", [:mix], [{:brotli, "~> 0.3.1", [hex: :brotli, repo: "hexpm", optional: true]}, {:ezstd, "~> 1.0", [hex: :ezstd, repo: "hexpm", optional: true]}, {:finch, "~> 0.21.0 or ~> 0.22.0", [hex: :finch, repo: "hexpm", optional: false]}, {:jason, "~> 1.0", [hex: :jason, repo: "hexpm", optional: false]}, {:mime, "~> 2.0.6 or ~> 2.1", [hex: :mime, repo: "hexpm", optional: false]}, {:nimble_csv, "~> 1.0", [hex: :nimble_csv, repo: "hexpm", optional: true]}, {:plug, "~> 1.0", [hex: :plug, repo: "hexpm", optional: true]}], "hexpm", "fa03812c440a9754bf34355e0c5d4f3ed316458db62e3284b7a352ef8dc0b996"},
  "req_llm": {:git, "https://github.com/agentjido/req_llm.git", "66b40425a79d85a284dd99edbe1769d364c42066", []},
  "server_sent_events": {:hex, :server_sent_events, "1.1.0", "54606238b9182ba673a10ce90bd95f81a0939c1baa91cdf86b66acc04edd1832", [:mix], [], "hexpm", "8e164db8e295a2d869a8faafbf4a1eeaa749b62fe93f66271adff6394d93ce15"},
  "splode": {:hex, :splode, "0.3.1", "9843c54f84f71b7833fec3f0be06c3cfb5be6b35960ee195ea4fad84b1c25030", [:mix], [], "hexpm", "8f2309b6ec2ecbb01435656429ed1d9ed04ba28797a3280c3b0d1217018ecfbd"},
  "telemetry": {:hex, :telemetry, "1.4.2", "a0cb522801dffb1c49fe6e30561badffc7b6d0e180db1300df759faa22062855", [:rebar3], [], "hexpm", "928f6495066506077862c0d1646609eed891a4326bee3126ba54b60af61febb1"},
  "texture": {:hex, :texture, "1.0.1", "f38127e6eb0a70c0dcdcfb0e3536dcdbc14594de736a061a1300d9a8ef08a900", [:mix], [{:abnf_parsec, "~> 2.0", [hex: :abnf_parsec, repo: "hexpm", optional: false]}], "hexpm", "0e2afc09b7949678d82cf62e4a1e1e284844d5aa8e2c1aa9f5e2aa554c7b8e16"},
  "toml": {:hex, :toml, "0.7.0", "fbcd773caa937d0c7a02c301a1feea25612720ac3fa1ccb8bfd9d30d822911de", [:mix], [], "hexpm", "0690246a2478c1defd100b0c9b89b4ea280a22be9a7b313a8a058a2408a2fa70"},
  "unicode_util_compat": {:hex, :unicode_util_compat, "0.7.1", "a48703a25c170eedadca83b11e88985af08d35f37c6f664d6dcfb106a97782fc", [:rebar3], [], "hexpm", "b3a917854ce3ae233619744ad1e0102e05673136776fb2fa76234f3e03b23642"},
  "uniq": {:hex, :uniq, "0.6.3", "68acff834cce1817b52928ef346662735c5413a4fec9c3b0d4a9126de5b2b489", [:mix], [{:ecto, "~> 3.0", [hex: :ecto, repo: "hexpm", optional: true]}], "hexpm", "2b2a900d0a20f3a55d3de0bc8150495e4a71255734dfb23889991bda5aca6c7d"},
  "websockex": {:hex, :websockex, "0.5.1", "9de28d37bbe34f371eb46e29b79c94c94fff79f93c960d842fbf447253558eb4", [:mix], [{:telemetry, "~> 1.0", [hex: :telemetry, repo: "hexpm", optional: false]}], "hexpm", "8ef39576ed56bc3804c9cd8626f8b5d6b5721848d2726c0ccd4f05385a3c9f14"},
  "zoi": {:hex, :zoi, "0.18.4", "849c1ccdf69a4a7b7b6c2e41766312bcc4edf1e0af5bfb9f2f3d98234191b8ef", [:mix], [{:decimal, "~> 2.0 or ~> 3.0", [hex: :decimal, repo: "hexpm", optional: true]}, {:phoenix_html, "~> 2.14.2 or ~> 3.0 or ~> 4.1", [hex: :phoenix_html, repo: "hexpm", optional: true]}], "hexpm", "587fb221824ae7343fca3af90b8a4c53ac5cf9019891cf3aba215b43be2ba05d"},
}
